
Microsoft Visual Studio Solution File, Format Version 12.00
# Visual Studio Version 17
VisualStudioVersion = 17.13.35828.75
MinimumVisualStudioVersion = 10.0.40219.1
Project("{54A90642-561A-4BB1-A94E-469ADEE60C69}") = "reactproject1", "reactproject1\reactproject1.esproj", "{CEC6E8C3-C1F6-C646-E98F-4C172527373D}"
EndProject
Project("{FAE04EC0-301F-11D3-BF4B-00C04F79EFBC}") = "MyWebServer", "Net\MyWebServer.csproj", "{C3A7EC10-851D-60D2-D0AF-2256BC926F12}"
EndProject
Global
	GlobalSection(SolutionConfigurationPlatforms) = preSolution
		Debug|Any CPU = Debug|Any CPU
		Release|Any CPU = Release|Any CPU
	EndGlobalSection
	GlobalSection(ProjectConfigurationPlatforms) = postSolution
		{CEC6E8C3-C1F6-C646-E98F-4C172527373D}.Debug|Any CPU.ActiveCfg = Debug|Any CPU
		{CEC6E8C3-C1F6-C646-E98F-4C172527373D}.Debug|Any CPU.Build.0 = Debug|Any CPU
		{CEC6E8C3-C1F6-C646-E98F-4C172527373D}.Debug|Any CPU.Deploy.0 = Debug|Any CPU
		{CEC6E8C3-C1F6-C646-E98F-4C172527373D}.Release|Any CPU.ActiveCfg = Release|Any CPU
		{CEC6E8C3-C1F6-C646-E98F-4C172527373D}.Release|Any CPU.Build.0 = Release|Any CPU
		{CEC6E8C3-C1F6-C646-E98F-4C172527373D}.Release|Any CPU.Deploy.0 = Release|Any CPU
		{C3A7EC10-851D-60D2-D0AF-2256BC926F12}.Debug|Any CPU.ActiveCfg = Debug|Any CPU
		{C3A7EC10-851D-60D2-D0AF-2256BC926F12}.Debug|Any CPU.Build.0 = Debug|Any CPU
		{C3A7EC10-851D-60D2-D0AF-2256BC926F12}.Release|Any CPU.ActiveCfg = Release|Any CPU
		{C3A7EC10-851D-60D2-D0AF-2256BC926F12}.Release|Any CPU.Build.0 = Release|Any CPU
	EndGlobalSection
	GlobalSection(SolutionProperties) = preSolution
		HideSolutionNode = FALSE
	EndGlobalSection
	GlobalSection(ExtensibilityGlobals) = postSolution
		SolutionGuid = {29344BE1-55C3-4507-8D9C-D121A3D64125}
	EndGlobalSection
EndGlobal
